// !$*UTF8*$!
{
	archiveVersion = 1;
	classes = {
	};
	objectVersion = 56;
	objects = {

/* Begin PBXBuildFile section */
		4D2BB7F32AA3E9B5000E85B9 /* FlutterIntegSampleApp.swift in Sources */ = {isa = PBXBuildFile; fileRef = 4D2BB7F22AA3E9B5000E85B9 /* FlutterIntegSampleApp.swift */; };
		4D2BB7F52AA3E9B5000E85B9 /* Card.swift in Sources */ = {isa = PBXBuildFile; fileRef = 4D2BB7F42AA3E9B5000E85B9 /* Card.swift */; };
		4D2BB7F72AA3E9B6000E85B9 /* Assets.xcassets in Resources */ = {isa = PBXBuildFile; fileRef = 4D2BB7F62AA3E9B6000E85B9 /* Assets.xcassets */; };
		4D2BB7FA2AA3E9B6000E85B9 /* Preview Assets.xcassets in Resources */ = {isa = PBXBuildFile; fileRef = 4D2BB7F92AA3E9B6000E85B9 /* Preview Assets.xcassets */; };
		4D2BB8022AA3F65C000E85B9 /* FlutterDependencies.swift in Sources */ = {isa = PBXBuildFile; fileRef = 4D2BB8012AA3F65C000E85B9 /* FlutterDependencies.swift */; };
		4D2BB8042AA3F73B000E85B9 /* FlutterCard.swift in Sources */ = {isa = PBXBuildFile; fileRef = 4D2BB8032AA3F73B000E85B9 /* FlutterCard.swift */; };
		BDA69B6131B1AD650886F3CD /* Pods_FlutterIntegSample.framework in Frameworks */ = {isa = PBXBuildFile; fileRef = 93B90395427A5757D4F6F951 /* Pods_FlutterIntegSample.framework */; };
/* End PBXBuildFile section */

/* Begin PBXFileReference section */
		256AF473E8AA527CBC451B8F /* Pods-FlutterIntegSample.debug.xcconfig */ = {isa = PBXFileReference; includeInIndex = 1; lastKnownFileType = text.xcconfig; name = "Pods-FlutterIntegSample.debug.xcconfig"; path = "Target Support Files/Pods-FlutterIntegSample/Pods-FlutterIntegSample.debug.xcconfig"; sourceTree = "<group>"; };
		4D2BB7EF2AA3E9B5000E85B9 /* FlutterIntegSample.app */ = {isa = PBXFileReference; explicitFileType = wrapper.application; includeInIndex = 0; path = FlutterIntegSample.app; sourceTree = BUILT_PRODUCTS_DIR; };
		4D2BB7F22AA3E9B5000E85B9 /* FlutterIntegSampleApp.swift */ = {isa = PBXFileReference; lastKnownFileType = sourcecode.swift; path = FlutterIntegSampleApp.swift; sourceTree = "<group>"; };
		4D2BB7F42AA3E9B5000E85B9 /* Card.swift */ = {isa = PBXFileReference; lastKnownFileType = sourcecode.swift; path = Card.swift; sourceTree = "<group>"; };
		4D2BB7F62AA3E9B6000E85B9 /* Assets.xcassets */ = {isa = PBXFileReference; lastKnownFileType = folder.assetcatalog; path = Assets.xcassets; sourceTree = "<group>"; };
		4D2BB7F92AA3E9B6000E85B9 /* Preview Assets.xcassets */ = {isa = PBXFileReference; lastKnownFileType = folder.assetcatalog; path = "Preview Assets.xcassets"; sourceTree = "<group>"; };
		4D2BB8012AA3F65C000E85B9 /* FlutterDependencies.swift */ = {isa = PBXFileReference; lastKnownFileType = sourcecode.swift; path = FlutterDependencies.swift; sourceTree = "<group>"; };
		4D2BB8032AA3F73B000E85B9 /* FlutterCard.swift */ = {isa = PBXFileReference; lastKnownFileType = sourcecode.swift; path = FlutterCard.swift; sourceTree = "<group>"; };
		93B90395427A5757D4F6F951 /* Pods_FlutterIntegSample.framework */ = {isa = PBXFileReference; explicitFileType = wrapper.framework; includeInIndex = 0; path = Pods_FlutterIntegSample.framework; sourceTree = BUILT_PRODUCTS_DIR; };
		A535509B85BA3A3B505EB515 /* Pods-FlutterIntegSample.release.xcconfig */ = {isa = PBXFileReference; includeInIndex = 1; lastKnownFileType = text.xcconfig; name = "Pods-FlutterIntegSample.release.xcconfig"; path = "Target Support Files/Pods-FlutterIntegSample/Pods-FlutterIntegSample.release.xcconfig"; sourceTree = "<group>"; };
/* End PBXFileReference section */

/* Begin PBXFrameworksBuildPhase section */
		4D2BB7EC2AA3E9B5000E85B9 /* Frameworks */ = {
			isa = PBXFrameworksBuildPhase;
			buildActionMask = 2147483647;
			files = (
				BDA69B6131B1AD650886F3CD /* Pods_FlutterIntegSample.framework in Frameworks */,
			);
			runOnlyForDeploymentPostprocessing = 0;
		};
/* End PBXFrameworksBuildPhase section */

/* Begin PBXGroup section */
		4D2BB7E62AA3E9B5000E85B9 = {
			isa = PBXGroup;
			children = (
				4D2BB7F12AA3E9B5000E85B9 /* FlutterIntegSample */,
				4D2BB7F02AA3E9B5000E85B9 /* Products */,
				7DDA6B6297BC23AE39995A0E /* Pods */,
				63A531A69875CAB23EAA88FC /* Frameworks */,
			);
			sourceTree = "<group>";
		};
		4D2BB7F02AA3E9B5000E85B9 /* Products */ = {
			isa = PBXGroup;
			children = (
				4D2BB7EF2AA3E9B5000E85B9 /* FlutterIntegSample.app */,
			);
			name = Products;
			sourceTree = "<group>";
		};
		4D2BB7F12AA3E9B5000E85B9 /* FlutterIntegSample */ = {
			isa = PBXGroup;
			children = (
				4D2BB8002AA3F64F000E85B9 /* Flutter */,
				4D2BB7F22AA3E9B5000E85B9 /* FlutterIntegSampleApp.swift */,
				4D2BB7F42AA3E9B5000E85B9 /* Card.swift */,
				4D2BB7F62AA3E9B6000E85B9 /* Assets.xcassets */,
				4D2BB7F82AA3E9B6000E85B9 /* Preview Content */,
			);
			path = FlutterIntegSample;
			sourceTree = "<group>";
		};
		4D2BB7F82AA3E9B6000E85B9 /* Preview Content */ = {
			isa = PBXGroup;
			children = (
				4D2BB7F92AA3E9B6000E85B9 /* Preview Assets.xcassets */,
			);
			path = "Preview Content";
			sourceTree = "<group>";
		};
		4D2BB8002AA3F64F000E85B9 /* Flutter */ = {
			isa = PBXGroup;
			children = (
				4D2BB8012AA3F65C000E85B9 /* FlutterDependencies.swift */,
				4D2BB8032AA3F73B000E85B9 /* FlutterCard.swift */,
			);
			path = Flutter;
			sourceTree = "<group>";
		};
		63A531A69875CAB23EAA88FC /* Frameworks */ = {
			isa = PBXGroup;
			children = (
				93B90395427A5757D4F6F951 /* Pods_FlutterIntegSample.framework */,
			);
			name = Frameworks;
			sourceTree = "<group>";
		};
		7DDA6B6297BC23AE39995A0E /* Pods */ = {
			isa = PBXGroup;
			children = (
				256AF473E8AA527CBC451B8F /* Pods-FlutterIntegSample.debug.xcconfig */,
				A535509B85BA3A3B505EB515 /* Pods-FlutterIntegSample.release.xcconfig */,
			);
			path = Pods;
			sourceTree = "<group>";
		};
/* End PBXGroup section */

/* Begin PBXNativeTarget section */
		4D2BB7EE2AA3E9B5000E85B9 /* FlutterIntegSample */ = {
			isa = PBXNativeTarget;
			buildConfigurationList = 4D2BB7FD2AA3E9B6000E85B9 /* Build configuration list for PBXNativeTarget "FlutterIntegSample" */;
			buildPhases = (
				B6633B048E7BFB2C035ABCA3 /* [CP] Check Pods Manifest.lock */,
				EFA158AC217AB37A9CE5EB02 /* [CP-User] Run Flutter Build flutter_sample Script */,
				4D2BB7EB2AA3E9B5000E85B9 /* Sources */,
				4D2BB7EC2AA3E9B5000E85B9 /* Frameworks */,
				4D2BB7ED2AA3E9B5000E85B9 /* Resources */,
				356A5D4A9CED30AFD791976B /* [CP-User] Embed Flutter Build flutter_sample Script */,
			);
			buildRules = (
			);
			dependencies = (
			);
			name = FlutterIntegSample;
			productName = FlutterIntegSample;
			productReference = 4D2BB7EF2AA3E9B5000E85B9 /* FlutterIntegSample.app */;
			productType = "com.apple.product-type.application";
		};
/* End PBXNativeTarget section */

/* Begin PBXProject section */
		4D2BB7E72AA3E9B5000E85B9 /* Project object */ = {
			isa = PBXProject;
			attributes = {
				BuildIndependentTargetsInParallel = 1;
				LastSwiftUpdateCheck = 1430;
				LastUpgradeCheck = 1430;
				TargetAttributes = {
					4D2BB7EE2AA3E9B5000E85B9 = {
						CreatedOnToolsVersion = 14.3.1;
					};
				};
			};
			buildConfigurationList = 4D2BB7EA2AA3E9B5000E85B9 /* Build configuration list for PBXProject "FlutterIntegSample" */;
			compatibilityVersion = "Xcode 14.0";
			developmentRegion = en;
			hasScannedForEncodings = 0;
			knownRegions = (
				en,
				Base,
			);
			mainGroup = 4D2BB7E62AA3E9B5000E85B9;
			productRefGroup = 4D2BB7F02AA3E9B5000E85B9 /* Products */;
			projectDirPath = "";
			projectRoot = "";
			targets = (
				4D2BB7EE2AA3E9B5000E85B9 /* FlutterIntegSample */,
			);
		};
/* End PBXProject section */

/* Begin PBXResourcesBuildPhase section */
		4D2BB7ED2AA3E9B5000E85B9 /* Resources */ = {
			isa = PBXResourcesBuildPhase;
			buildActionMask = 2147483647;
			files = (
				4D2BB7FA2AA3E9B6000E85B9 /* Preview Assets.xcassets in Resources */,
				4D2BB7F72AA3E9B6000E85B9 /* Assets.xcassets in Resources */,
			);
			runOnlyForDeploymentPostprocessing = 0;
		};
/* End PBXResourcesBuildPhase section */

/* Begin PBXShellScriptBuildPhase section */
		356A5D4A9CED30AFD791976B /* [CP-User] Embed Flutter Build flutter_sample Script */ = {
			isa = PBXShellScriptBuildPhase;
			buildActionMask = 2147483647;
			files = (
			);
			name = "[CP-User] Embed Flutter Build flutter_sample Script";
			runOnlyForDeploymentPostprocessing = 0;
			shellPath = /bin/sh;
			shellScript = "set -e\nset -u\nsource \"${SRCROOT}/../Flutter/flutter_sample/.ios/Flutter/flutter_export_environment.sh\"\nexport VERBOSE_SCRIPT_LOGGING=1 && \"$FLUTTER_ROOT/packages/flutter_tools/bin/xcode_backend.sh\" embed_and_thin\n";
		};
		B6633B048E7BFB2C035ABCA3 /* [CP] Check Pods Manifest.lock */ = {
			isa = PBXShellScriptBuildPhase;
			buildActionMask = 2147483647;
			files = (
			);
			inputFileListPaths = (
			);
			inputPaths = (
				"${PODS_PODFILE_DIR_PATH}/Podfile.lock",
				"${PODS_ROOT}/Manifest.lock",
			);
			name = "[CP] Check Pods Manifest.lock";
			outputFileListPaths = (
			);
			outputPaths = (
				"$(DERIVED_FILE_DIR)/Pods-FlutterIntegSample-checkManifestLockResult.txt",
			);
			runOnlyForDeploymentPostprocessing = 0;
			shellPath = /bin/sh;
			shellScript = "diff \"${PODS_PODFILE_DIR_PATH}/Podfile.lock\" \"${PODS_ROOT}/Manifest.lock\" > /dev/null\nif [ $? != 0 ] ; then\n    # print error to STDERR\n    echo \"error: The sandbox is not in sync with the Podfile.lock. Run 'pod install' or update your CocoaPods installation.\" >&2\n    exit 1\nfi\n# This output is used by Xcode 'outputs' to avoid re-running this script phase.\necho \"SUCCESS\" > \"${SCRIPT_OUTPUT_FILE_0}\"\n";
			showEnvVarsInLog = 0;
		};
		EFA158AC217AB37A9CE5EB02 /* [CP-User] Run Flutter Build flutter_sample Script */ = {
			isa = PBXShellScriptBuildPhase;
			buildActionMask = 2147483647;
			files = (
			);
			name = "[CP-User] Run Flutter Build flutter_sample Script";
			runOnlyForDeploymentPostprocessing = 0;
			shellPath = /bin/sh;
			shellScript = "set -e\nset -u\nsource \"${SRCROOT}/../Flutter/flutter_sample/.ios/Flutter/flutter_export_environment.sh\"\nexport VERBOSE_SCRIPT_LOGGING=1 && \"$FLUTTER_ROOT/packages/flutter_tools/bin/xcode_backend.sh\" build\n";
		};
/* End PBXShellScriptBuildPhase section */

/* Begin PBXSourcesBuildPhase section */
		4D2BB7EB2AA3E9B5000E85B9 /* Sources */ = {
			isa = PBXSourcesBuildPhase;
			buildActionMask = 2147483647;
			files = (
				4D2BB8042AA3F73B000E85B9 /* FlutterCard.swift in Sources */,
				4D2BB7F52AA3E9B5000E85B9 /* Card.swift in Sources */,
				4D2BB8022AA3F65C000E85B9 /* FlutterDependencies.swift in Sources */,
				4D2BB7F32AA3E9B5000E85B9 /* FlutterIntegSampleApp.swift in Sources */,
			);
			runOnlyForDeploymentPostprocessing = 0;
		};
/* End PBXSourcesBuildPhase section */

/* Begin XCBuildConfiguration section */
		4D2BB7FB2AA3E9B6000E85B9 /* Debug */ = {
			isa = XCBuildConfiguration;
			buildSettings = {
				ALWAYS_SEARCH_USER_PATHS = NO;
				CLANG_ANALYZER_NONNULL = YES;
				CLANG_ANALYZER_NUMBER_OBJECT_CONVERSION = YES_AGGRESSIVE;
				CLANG_CXX_LANGUAGE_STANDARD = "gnu++20";
				CLANG_ENABLE_MODULES = YES;
				CLANG_ENABLE_OBJC_ARC = YES;
				CLANG_ENABLE_OBJC_WEAK = YES;
				CLANG_WARN_BLOCK_CAPTURE_AUTORELEASING = YES;
				CLANG_WARN_BOOL_CONVERSION = YES;
				CLANG_WARN_COMMA = YES;
				CLANG_WARN_CONSTANT_CONVERSION = YES;
				CLANG_WARN_DEPRECATED_OBJC_IMPLEMENTATIONS = YES;
				CLANG_WARN_DIRECT_OBJC_ISA_USAGE = YES_ERROR;
				CLANG_WARN_DOCUMENTATION_COMMENTS = YES;
				CLANG_WARN_EMPTY_BODY = YES;
				CLANG_WARN_ENUM_CONVERSION = YES;
				CLANG_WARN_INFINITE_RECURSION = YES;
				CLANG_WARN_INT_CONVERSION = YES;
				CLANG_WARN_NON_LITERAL_NULL_CONVERSION = YES;
				CLANG_WARN_OBJC_IMPLICIT_RETAIN_SELF = YES;
				CLANG_WARN_OBJC_LITERAL_CONVERSION = YES;
				CLANG_WARN_OBJC_ROOT_CLASS = YES_ERROR;
				CLANG_WARN_QUOTED_INCLUDE_IN_FRAMEWORK_HEADER = YES;
				CLANG_WARN_RANGE_LOOP_ANALYSIS = YES;
				CLANG_WARN_STRICT_PROTOTYPES = YES;
				CLANG_WARN_SUSPICIOUS_MOVE = YES;
				CLANG_WARN_UNGUARDED_AVAILABILITY = YES_AGGRESSIVE;
				CLANG_WARN_UNREACHABLE_CODE = YES;
				CLANG_WARN__DUPLICATE_METHOD_MATCH = YES;
				COPY_PHASE_STRIP = NO;
				DEBUG_INFORMATION_FORMAT = dwarf;
				ENABLE_STRICT_OBJC_MSGSEND = YES;
				ENABLE_TESTABILITY = YES;
				GCC_C_LANGUAGE_STANDARD = gnu11;
				GCC_DYNAMIC_NO_PIC = NO;
				GCC_NO_COMMON_BLOCKS = YES;
				GCC_OPTIMIZATION_LEVEL = 0;
				GCC_PREPROCESSOR_DEFINITIONS = (
					"DEBUG=1",
					"$(inherited)",
				);
				GCC_WARN_64_TO_32_BIT_CONVERSION = YES;
				GCC_WARN_ABOUT_RETURN_TYPE = YES_ERROR;
				GCC_WARN_UNDECLARED_SELECTOR = YES;
				GCC_WARN_UNINITIALIZED_AUTOS = YES_AGGRESSIVE;
				GCC_WARN_UNUSED_FUNCTION = YES;
				GCC_WARN_UNUSED_VARIABLE = YES;
				IPHONEOS_DEPLOYMENT_TARGET = 16.4;
				MTL_ENABLE_DEBUG_INFO = INCLUDE_SOURCE;
				MTL_FAST_MATH = YES;
				ONLY_ACTIVE_ARCH = YES;
				SDKROOT = iphoneos;
				SWIFT_ACTIVE_COMPILATION_CONDITIONS = DEBUG;
				SWIFT_OPTIMIZATION_LEVEL = "-Onone";
			};
			name = Debug;
		};
		4D2BB7FC2AA3E9B6000E85B9 /* Release */ = {
			isa = XCBuildConfiguration;
			buildSettings = {
				ALWAYS_SEARCH_USER_PATHS = NO;
				CLANG_ANALYZER_NONNULL = YES;
				CLANG_ANALYZER_NUMBER_OBJECT_CONVERSION = YES_AGGRESSIVE;
				CLANG_CXX_LANGUAGE_STANDARD = "gnu++20";
				CLANG_ENABLE_MODULES = YES;
				CLANG_ENABLE_OBJC_ARC = YES;
				CLANG_ENABLE_OBJC_WEAK = YES;
				CLANG_WARN_BLOCK_CAPTURE_AUTORELEASING = YES;
				CLANG_WARN_BOOL_CONVERSION = YES;
				CLANG_WARN_COMMA = YES;
				CLANG_WARN_CONSTANT_CONVERSION = YES;
				CLANG_WARN_DEPRECATED_OBJC_IMPLEMENTATIONS = YES;
				CLANG_WARN_DIRECT_OBJC_ISA_USAGE = YES_ERROR;
				CLANG_WARN_DOCUMENTATION_COMMENTS = YES;
				CLANG_WARN_EMPTY_BODY = YES;
				CLANG_WARN_ENUM_CONVERSION = YES;
				CLANG_WARN_INFINITE_RECURSION = YES;
				CLANG_WARN_INT_CONVERSION = YES;
				CLANG_WARN_NON_LITERAL_NULL_CONVERSION = YES;
				CLANG_WARN_OBJC_IMPLICIT_RETAIN_SELF = YES;
				CLANG_WARN_OBJC_LITERAL_CONVERSION = YES;
				CLANG_WARN_OBJC_ROOT_CLASS = YES_ERROR;
				CLANG_WARN_QUOTED_INCLUDE_IN_FRAMEWORK_HEADER = YES;
				CLANG_WARN_RANGE_LOOP_ANALYSIS = YES;
				CLANG_WARN_STRICT_PROTOTYPES = YES;
				CLANG_WARN_SUSPICIOUS_MOVE = YES;
				CLANG_WARN_UNGUARDED_AVAILABILITY = YES_AGGRESSIVE;
				CLANG_WARN_UNREACHABLE_CODE = YES;
				CLANG_WARN__DUPLICATE_METHOD_MATCH = YES;
				COPY_PHASE_STRIP = NO;
				DEBUG_INFORMATION_FORMAT = "dwarf-with-dsym";
				ENABLE_NS_ASSERTIONS = NO;
				ENABLE_STRICT_OBJC_MSGSEND = YES;
				GCC_C_LANGUAGE_STANDARD = gnu11;
				GCC_NO_COMMON_BLOCKS = YES;
				GCC_WARN_64_TO_32_BIT_CONVERSION = YES;
				GCC_WARN_ABOUT_RETURN_TYPE = YES_ERROR;
				GCC_WARN_UNDECLARED_SELECTOR = YES;
				GCC_WARN_UNINITIALIZED_AUTOS = YES_AGGRESSIVE;
				GCC_WARN_UNUSED_FUNCTION = YES;
				GCC_WARN_UNUSED_VARIABLE = YES;
				IPHONEOS_DEPLOYMENT_TARGET = 16.4;
				MTL_ENABLE_DEBUG_INFO = NO;
				MTL_FAST_MATH = YES;
				SDKROOT = iphoneos;
				SWIFT_COMPILATION_MODE = wholemodule;
				SWIFT_OPTIMIZATION_LEVEL = "-O";
				VALIDATE_PRODUCT = YES;
			};
			name = Release;
		};
		4D2BB7FE2AA3E9B6000E85B9 /* Debug */ = {
			isa = XCBuildConfiguration;
			baseConfigurationReference = 256AF473E8AA527CBC451B8F /* Pods-FlutterIntegSample.debug.xcconfig */;
			buildSettings = {
				ASSETCATALOG_COMPILER_APPICON_NAME = AppIcon;
				ASSETCATALOG_COMPILER_GLOBAL_ACCENT_COLOR_NAME = AccentColor;
				CODE_SIGN_STYLE = Automatic;
				CURRENT_PROJECT_VERSION = 1;
				DEVELOPMENT_ASSET_PATHS = "\"FlutterIntegSample/Preview Content\"";
				DEVELOPMENT_TEAM = M5J239567Y;
				ENABLE_PREVIEWS = YES;
				GENERATE_INFOPLIST_FILE = YES;
				INFOPLIST_KEY_UIApplicationSceneManifest_Generation = YES;
				INFOPLIST_KEY_UIApplicationSupportsIndirectInputEvents = YES;
				INFOPLIST_KEY_UILaunchScreen_Generation = YES;
				INFOPLIST_KEY_UISupportedInterfaceOrientations_iPad = "UIInterfaceOrientationPortrait UIInterfaceOrientationPortraitUpsideDown UIInterfaceOrientationLandscapeLeft UIInterfaceOrientationLandscapeRight";
				INFOPLIST_KEY_UISupportedInterfaceOrientations_iPhone = "UIInterfaceOrientationPortrait UIInterfaceOrientationLandscapeLeft UIInterfaceOrientationLandscapeRight";
				LD_RUNPATH_SEARCH_PATHS = (
					"$(inherited)",
					"@executable_path/Frameworks",
				);
				MARKETING_VERSION = 1.0;
				PRODUCT_BUNDLE_IDENTIFIER = com.mqs.FlutterIntegSample;
				PRODUCT_NAME = "$(TARGET_NAME)";
				SWIFT_EMIT_LOC_STRINGS = YES;
				SWIFT_VERSION = 5.0;
				TARGETED_DEVICE_FAMILY = "1,2";
			};
			name = Debug;
		};
		4D2BB7FF2AA3E9B6000E85B9 /* Release */ = {
			isa = XCBuildConfiguration;
			baseConfigurationReference = A535509B85BA3A3B505EB515 /* Pods-FlutterIntegSample.release.xcconfig */;
			buildSettings = {
				ASSETCATALOG_COMPILER_APPICON_NAME = AppIcon;
				ASSETCATALOG_COMPILER_GLOBAL_ACCENT_COLOR_NAME = AccentColor;
				CODE_SIGN_STYLE = Automatic;
				CURRENT_PROJECT_VERSION = 1;
				DEVELOPMENT_ASSET_PATHS = "\"FlutterIntegSample/Preview Content\"";
				DEVELOPMENT_TEAM = M5J239567Y;
				ENABLE_PREVIEWS = YES;
				GENERATE_INFOPLIST_FILE = YES;
				INFOPLIST_KEY_UIApplicationSceneManifest_Generation = YES;
				INFOPLIST_KEY_UIApplicationSupportsIndirectInputEvents = YES;
				INFOPLIST_KEY_UILaunchScreen_Generation = YES;
				INFOPLIST_KEY_UISupportedInterfaceOrientations_iPad = "UIInterfaceOrientationPortrait UIInterfaceOrientationPortraitUpsideDown UIInterfaceOrientationLandscapeLeft UIInterfaceOrientationLandscapeRight";
				INFOPLIST_KEY_UISupportedInterfaceOrientations_iPhone = "UIInterfaceOrientationPortrait UIInterfaceOrientationLandscapeLeft UIInterfaceOrientationLandscapeRight";
				LD_RUNPATH_SEARCH_PATHS = (
					"$(inherited)",
					"@executable_path/Frameworks",
				);
				MARKETING_VERSION = 1.0;
				PRODUCT_BUNDLE_IDENTIFIER = com.mqs.FlutterIntegSample;
				PRODUCT_NAME = "$(TARGET_NAME)";
				SWIFT_EMIT_LOC_STRINGS = YES;
				SWIFT_VERSION = 5.0;
				TARGETED_DEVICE_FAMILY = "1,2";
			};
			name = Release;
		};
/* End XCBuildConfiguration section */

/* Begin XCConfigurationList section */
		4D2BB7EA2AA3E9B5000E85B9 /* Build configuration list for PBXProject "FlutterIntegSample" */ = {
			isa = XCConfigurationList;
			buildConfigurations = (
				4D2BB7FB2AA3E9B6000E85B9 /* Debug */,
				4D2BB7FC2AA3E9B6000E85B9 /* Release */,
			);
			defaultConfigurationIsVisible = 0;
			defaultConfigurationName = Release;
		};
		4D2BB7FD2AA3E9B6000E85B9 /* Build configuration list for PBXNativeTarget "FlutterIntegSample" */ = {
			isa = XCConfigurationList;
			buildConfigurations = (
				4D2BB7FE2AA3E9B6000E85B9 /* Debug */,
				4D2BB7FF2AA3E9B6000E85B9 /* Release */,
			);
			defaultConfigurationIsVisible = 0;
			defaultConfigurationName = Release;
		};
/* End XCConfigurationList section */
	};
	rootObject = 4D2BB7E72AA3E9B5000E85B9 /* Project object */;
}
